
Microsoft Visual Studio Solution File, Format Version 12.00
# Visual Studio Version 17
VisualStudioVersion = 17.14.36221.1 d17.14
MinimumVisualStudioVersion = 10.0.40219.1
Project("{FAE04EC0-301F-11D3-BF4B-00C04F79EFBC}") = "TiposDeDados", "TiposDeDados\TiposDeDados.csproj", "{10FD8E7F-15B4-4CD3-8FC8-3BACBA69D9C0}"
EndProject
Global
	GlobalSection(SolutionConfigurationPlatforms) = preSolution
		Debug|Any CPU = Debug|Any CPU
		Release|Any CPU = Release|Any CPU
	EndGlobalSection
	GlobalSection(ProjectConfigurationPlatforms) = postSolution
		{10FD8E7F-15B4-4CD3-8FC8-3BACBA69D9C0}.Debug|Any CPU.ActiveCfg = Debug|Any CPU
		{10FD8E7F-15B4-4CD3-8FC8-3BACBA69D9C0}.Debug|Any CPU.Build.0 = Debug|Any CPU
		{10FD8E7F-15B4-4CD3-8FC8-3BACBA69D9C0}.Release|Any CPU.ActiveCfg = Release|Any CPU
		{10FD8E7F-15B4-4CD3-8FC8-3BACBA69D9C0}.Release|Any CPU.Build.0 = Release|Any CPU
	EndGlobalSection
	GlobalSection(SolutionProperties) = preSolution
		HideSolutionNode = FALSE
	EndGlobalSection
	GlobalSection(ExtensibilityGlobals) = postSolution
		SolutionGuid = {CF49B163-FAA6-406F-9B49-044C079CAFB5}
	EndGlobalSection
EndGlobal
