
Microsoft Visual Studio Solution File, Format Version 12.00
# Visual Studio Version 17
VisualStudioVersion = 17.14.36221.1 d17.14
MinimumVisualStudioVersion = 10.0.40219.1
Project("{FAE04EC0-301F-11D3-BF4B-00C04F79EFBC}") = "TiposDeDados", "TiposDeDados\TiposDeDados.csproj", "{A6C2FD25-57D3-4BE1-8471-9F886A1C1C41}"
EndProject
Global
	GlobalSection(SolutionConfigurationPlatforms) = preSolution
		Debug|Any CPU = Debug|Any CPU
		Release|Any CPU = Release|Any CPU
	EndGlobalSection
	GlobalSection(ProjectConfigurationPlatforms) = postSolution
		{A6C2FD25-57D3-4BE1-8471-9F886A1C1C41}.Debug|Any CPU.ActiveCfg = Debug|Any CPU
		{A6C2FD25-57D3-4BE1-8471-9F886A1C1C41}.Debug|Any CPU.Build.0 = Debug|Any CPU
		{A6C2FD25-57D3-4BE1-8471-9F886A1C1C41}.Release|Any CPU.ActiveCfg = Release|Any CPU
		{A6C2FD25-57D3-4BE1-8471-9F886A1C1C41}.Release|Any CPU.Build.0 = Release|Any CPU
	EndGlobalSection
	GlobalSection(SolutionProperties) = preSolution
		HideSolutionNode = FALSE
	EndGlobalSection
	GlobalSection(ExtensibilityGlobals) = postSolution
		SolutionGuid = {BC629699-2DE6-43A0-80A3-F777D93D99AF}
	EndGlobalSection
EndGlobal
